// !$*UTF8*$!
{
	archiveVersion = 1;
	classes = {
	};
	objectVersion = 50;
	objects = {

/* Begin PBXBuildFile section */
		52AF607C2195911A00232132 /* AppDelegate.m in Sources */ = {isa = PBXBuildFile; fileRef = 52AF607B2195911A00232132 /* AppDelegate.m */; };
		52AF607F2195911A00232132 /* ViewController.m in Sources */ = {isa = PBXBuildFile; fileRef = 52AF607E2195911A00232132 /* ViewController.m */; };
		52AF60822195911A00232132 /* Main.storyboard in Resources */ = {isa = PBXBuildFile; fileRef = 52AF60802195911A00232132 /* Main.storyboard */; };
		52AF60842195911C00232132 /* Assets.xcassets in Resources */ = {isa = PBXBuildFile; fileRef = 52AF60832195911C00232132 /* Assets.xcassets */; };
		52AF60872195911C00232132 /* LaunchScreen.storyboard in Resources */ = {isa = PBXBuildFile; fileRef = 52AF60852195911C00232132 /* LaunchScreen.storyboard */; };
		52AF608A2195911C00232132 /* main.m in Sources */ = {isa = PBXBuildFile; fileRef = 52AF60892195911C00232132 /* main.m */; };
		52AF60942195911C00232132 /* SPActivityIndicatorViewTests.m in Sources */ = {isa = PBXBuildFile; fileRef = 52AF60932195911C00232132 /* SPActivityIndicatorViewTests.m */; };
		52AF609F2195911C00232132 /* SPActivityIndicatorViewUITests.m in Sources */ = {isa = PBXBuildFile; fileRef = 52AF609E2195911C00232132 /* SPActivityIndicatorViewUITests.m */; };
/* End PBXBuildFile section */

/* Begin PBXContainerItemProxy section */
		52AF60902195911C00232132 /* PBXContainerItemProxy */ = {
			isa = PBXContainerItemProxy;
			containerPortal = 52AF606F2195911A00232132 /* Project object */;
			proxyType = 1;
			remoteGlobalIDString = 52AF60762195911A00232132;
			remoteInfo = SPActivityIndicatorView;
		};
		52AF609B2195911C00232132 /* PBXContainerItemProxy */ = {
			isa = PBXContainerItemProxy;
			containerPortal = 52AF606F2195911A00232132 /* Project object */;
			proxyType = 1;
			remoteGlobalIDString = 52AF60762195911A00232132;
			remoteInfo = SPActivityIndicatorView;
		};
/* End PBXContainerItemProxy section */

/* Begin PBXFileReference section */
		52AF60772195911A00232132 /* SPActivityIndicatorView.app */ = {isa = PBXFileReference; explicitFileType = wrapper.application; includeInIndex = 0; path = SPActivityIndicatorView.app; sourceTree = BUILT_PRODUCTS_DIR; };
		52AF607A2195911A00232132 /* AppDelegate.h */ = {isa = PBXFileReference; lastKnownFileType = sourcecode.c.h; path = AppDelegate.h; sourceTree = "<group>"; };
		52AF607B2195911A00232132 /* AppDelegate.m */ = {isa = PBXFileReference; lastKnownFileType = sourcecode.c.objc; path = AppDelegate.m; sourceTree = "<group>"; };
		52AF607D2195911A00232132 /* ViewController.h */ = {isa = PBXFileReference; lastKnownFileType = sourcecode.c.h; path = ViewController.h; sourceTree = "<group>"; };
		52AF607E2195911A00232132 /* ViewController.m */ = {isa = PBXFileReference; lastKnownFileType = sourcecode.c.objc; path = ViewController.m; sourceTree = "<group>"; };
		52AF60812195911A00232132 /* Base */ = {isa = PBXFileReference; lastKnownFileType = file.storyboard; name = Base; path = Base.lproj/Main.storyboard; sourceTree = "<group>"; };
		52AF60832195911C00232132 /* Assets.xcassets */ = {isa = PBXFileReference; lastKnownFileType = folder.assetcatalog; path = Assets.xcassets; sourceTree = "<group>"; };
		52AF60862195911C00232132 /* Base */ = {isa = PBXFileReference; lastKnownFileType = file.storyboard; name = Base; path = Base.lproj/LaunchScreen.storyboard; sourceTree = "<group>"; };
		52AF60882195911C00232132 /* Info.plist */ = {isa = PBXFileReference; lastKnownFileType = text.plist.xml; path = Info.plist; sourceTree = "<group>"; };
		52AF60892195911C00232132 /* main.m */ = {isa = PBXFileReference; lastKnownFileType = sourcecode.c.objc; path = main.m; sourceTree = "<group>"; };
		52AF608F2195911C00232132 /* SPActivityIndicatorViewTests.xctest */ = {isa = PBXFileReference; explicitFileType = wrapper.cfbundle; includeInIndex = 0; path = SPActivityIndicatorViewTests.xctest; sourceTree = BUILT_PRODUCTS_DIR; };
		52AF60932195911C00232132 /* SPActivityIndicatorViewTests.m */ = {isa = PBXFileReference; lastKnownFileType = sourcecode.c.objc; path = SPActivityIndicatorViewTests.m; sourceTree = "<group>"; };
		52AF60952195911C00232132 /* Info.plist */ = {isa = PBXFileReference; lastKnownFileType = text.plist.xml; path = Info.plist; sourceTree = "<group>"; };
		52AF609A2195911C00232132 /* SPActivityIndicatorViewUITests.xctest */ = {isa = PBXFileReference; explicitFileType = wrapper.cfbundle; includeInIndex = 0; path = SPActivityIndicatorViewUITests.xctest; sourceTree = BUILT_PRODUCTS_DIR; };
		52AF609E2195911C00232132 /* SPActivityIndicatorViewUITests.m */ = {isa = PBXFileReference; lastKnownFileType = sourcecode.c.objc; path = SPActivityIndicatorViewUITests.m; sourceTree = "<group>"; };
		52AF60A02195911C00232132 /* Info.plist */ = {isa = PBXFileReference; lastKnownFileType = text.plist.xml; path = Info.plist; sourceTree = "<group>"; };
/* End PBXFileReference section */

/* Begin PBXFrameworksBuildPhase section */
		52AF60742195911A00232132 /* Frameworks */ = {
			isa = PBXFrameworksBuildPhase;
			buildActionMask = 2147483647;
			files = (
			);
			runOnlyForDeploymentPostprocessing = 0;
		};
		52AF608C2195911C00232132 /* Frameworks */ = {
			isa = PBXFrameworksBuildPhase;
			buildActionMask = 2147483647;
			files = (
			);
			runOnlyForDeploymentPostprocessing = 0;
		};
		52AF60972195911C00232132 /* Frameworks */ = {
			isa = PBXFrameworksBuildPhase;
			buildActionMask = 2147483647;
			files = (
			);
			runOnlyForDeploymentPostprocessing = 0;
		};
/* End PBXFrameworksBuildPhase section */

/* Begin PBXGroup section */
		52AF606E2195911A00232132 = {
			isa = PBXGroup;
			children = (
				52AF60792195911A00232132 /* SPActivityIndicatorView */,
				52AF60922195911C00232132 /* SPActivityIndicatorViewTests */,
				52AF609D2195911C00232132 /* SPActivityIndicatorViewUITests */,
				52AF60782195911A00232132 /* Products */,
			);
			sourceTree = "<group>";
		};
		52AF60782195911A00232132 /* Products */ = {
			isa = PBXGroup;
			children = (
				52AF60772195911A00232132 /* SPActivityIndicatorView.app */,
				52AF608F2195911C00232132 /* SPActivityIndicatorViewTests.xctest */,
				52AF609A2195911C00232132 /* SPActivityIndicatorViewUITests.xctest */,
			);
			name = Products;
			sourceTree = "<group>";
		};
		52AF60792195911A00232132 /* SPActivityIndicatorView */ = {
			isa = PBXGroup;
			children = (
				52AF607A2195911A00232132 /* AppDelegate.h */,
				52AF607B2195911A00232132 /* AppDelegate.m */,
				52AF607D2195911A00232132 /* ViewController.h */,
				52AF607E2195911A00232132 /* ViewController.m */,
				52AF60802195911A00232132 /* Main.storyboard */,
				52AF60832195911C00232132 /* Assets.xcassets */,
				52AF60852195911C00232132 /* LaunchScreen.storyboard */,
				52AF60882195911C00232132 /* Info.plist */,
				52AF60892195911C00232132 /* main.m */,
			);
			path = SPActivityIndicatorView;
			sourceTree = "<group>";
		};
		52AF60922195911C00232132 /* SPActivityIndicatorViewTests */ = {
			isa = PBXGroup;
			children = (
				52AF60932195911C00232132 /* SPActivityIndicatorViewTests.m */,
				52AF60952195911C00232132 /* Info.plist */,
			);
			path = SPActivityIndicatorViewTests;
			sourceTree = "<group>";
		};
		52AF609D2195911C00232132 /* SPActivityIndicatorViewUITests */ = {
			isa = PBXGroup;
			children = (
				52AF609E2195911C00232132 /* SPActivityIndicatorViewUITests.m */,
				52AF60A02195911C00232132 /* Info.plist */,
			);
			path = SPActivityIndicatorViewUITests;
			sourceTree = "<group>";
		};
/* End PBXGroup section */

/* Begin PBXNativeTarget section */
		52AF60762195911A00232132 /* SPActivityIndicatorView */ = {
			isa = PBXNativeTarget;
			buildConfigurationList = 52AF60A32195911C00232132 /* Build configuration list for PBXNativeTarget "SPActivityIndicatorView" */;
			buildPhases = (
				52AF60732195911A00232132 /* Sources */,
				52AF60742195911A00232132 /* Frameworks */,
				52AF60752195911A00232132 /* Resources */,
			);
			buildRules = (
			);
			dependencies = (
			);
			name = SPActivityIndicatorView;
			productName = SPActivityIndicatorView;
			productReference = 52AF60772195911A00232132 /* SPActivityIndicatorView.app */;
			productType = "com.apple.product-type.application";
		};
		52AF608E2195911C00232132 /* SPActivityIndicatorViewTests */ = {
			isa = PBXNativeTarget;
			buildConfigurationList = 52AF60A62195911C00232132 /* Build configuration list for PBXNativeTarget "SPActivityIndicatorViewTests" */;
			buildPhases = (
				52AF608B2195911C00232132 /* Sources */,
				52AF608C2195911C00232132 /* Frameworks */,
				52AF608D2195911C00232132 /* Resources */,
			);
			buildRules = (
			);
			dependencies = (
				52AF60912195911C00232132 /* PBXTargetDependency */,
			);
			name = SPActivityIndicatorViewTests;
			productName = SPActivityIndicatorViewTests;
			productReference = 52AF608F2195911C00232132 /* SPActivityIndicatorViewTests.xctest */;
			productType = "com.apple.product-type.bundle.unit-test";
		};
		52AF60992195911C00232132 /* SPActivityIndicatorViewUITests */ = {
			isa = PBXNativeTarget;
			buildConfigurationList = 52AF60A92195911C00232132 /* Build configuration list for PBXNativeTarget "SPActivityIndicatorViewUITests" */;
			buildPhases = (
				52AF60962195911C00232132 /* Sources */,
				52AF60972195911C00232132 /* Frameworks */,
				52AF60982195911C00232132 /* Resources */,
			);
			buildRules = (
			);
			dependencies = (
				52AF609C2195911C00232132 /* PBXTargetDependency */,
			);
			name = SPActivityIndicatorViewUITests;
			productName = SPActivityIndicatorViewUITests;
			productReference = 52AF609A2195911C00232132 /* SPActivityIndicatorViewUITests.xctest */;
			productType = "com.apple.product-type.bundle.ui-testing";
		};
/* End PBXNativeTarget section */

/* Begin PBXProject section */
		52AF606F2195911A00232132 /* Project object */ = {
			isa = PBXProject;
			attributes = {
				LastUpgradeCheck = 1000;
				ORGANIZATIONNAME = "乐升平";
				TargetAttributes = {
					52AF60762195911A00232132 = {
						CreatedOnToolsVersion = 10.0;
					};
					52AF608E2195911C00232132 = {
						CreatedOnToolsVersion = 10.0;
						TestTargetID = 52AF60762195911A00232132;
					};
					52AF60992195911C00232132 = {
						CreatedOnToolsVersion = 10.0;
						TestTargetID = 52AF60762195911A00232132;
					};
				};
			};
			buildConfigurationList = 52AF60722195911A00232132 /* Build configuration list for PBXProject "SPActivityIndicatorView" */;
			compatibilityVersion = "Xcode 9.3";
			developmentRegion = en;
			hasScannedForEncodings = 0;
			knownRegions = (
				en,
				Base,
			);
			mainGroup = 52AF606E2195911A00232132;
			productRefGroup = 52AF60782195911A00232132 /* Products */;
			projectDirPath = "";
			projectRoot = "";
			targets = (
				52AF60762195911A00232132 /* SPActivityIndicatorView */,
				52AF608E2195911C00232132 /* SPActivityIndicatorViewTests */,
				52AF60992195911C00232132 /* SPActivityIndicatorViewUITests */,
			);
		};
/* End PBXProject section */

/* Begin PBXResourcesBuildPhase section */
		52AF60752195911A00232132 /* Resources */ = {
			isa = PBXResourcesBuildPhase;
			buildActionMask = 2147483647;
			files = (
				52AF60872195911C00232132 /* LaunchScreen.storyboard in Resources */,
				52AF60842195911C00232132 /* Assets.xcassets in Resources */,
				52AF60822195911A00232132 /* Main.storyboard in Resources */,
			);
			runOnlyForDeploymentPostprocessing = 0;
		};
		52AF608D2195911C00232132 /* Resources */ = {
			isa = PBXResourcesBuildPhase;
			buildActionMask = 2147483647;
			files = (
			);
			runOnlyForDeploymentPostprocessing = 0;
		};
		52AF60982195911C00232132 /* Resources */ = {
			isa = PBXResourcesBuildPhase;
			buildActionMask = 2147483647;
			files = (
			);
			runOnlyForDeploymentPostprocessing = 0;
		};
/* End PBXResourcesBuildPhase section */

/* Begin PBXSourcesBuildPhase section */
		52AF60732195911A00232132 /* Sources */ = {
			isa = PBXSourcesBuildPhase;
			buildActionMask = 2147483647;
			files = (
				52AF607F2195911A00232132 /* ViewController.m in Sources */,
				52AF608A2195911C00232132 /* main.m in Sources */,
				52AF607C2195911A00232132 /* AppDelegate.m in Sources */,
			);
			runOnlyForDeploymentPostprocessing = 0;
		};
		52AF608B2195911C00232132 /* Sources */ = {
			isa = PBXSourcesBuildPhase;
			buildActionMask = 2147483647;
			files = (
				52AF60942195911C00232132 /* SPActivityIndicatorViewTests.m in Sources */,
			);
			runOnlyForDeploymentPostprocessing = 0;
		};
		52AF60962195911C00232132 /* Sources */ = {
			isa = PBXSourcesBuildPhase;
			buildActionMask = 2147483647;
			files = (
				52AF609F2195911C00232132 /* SPActivityIndicatorViewUITests.m in Sources */,
			);
			runOnlyForDeploymentPostprocessing = 0;
		};
/* End PBXSourcesBuildPhase section */

/* Begin PBXTargetDependency section */
		52AF60912195911C00232132 /* PBXTargetDependency */ = {
			isa = PBXTargetDependency;
			target = 52AF60762195911A00232132 /* SPActivityIndicatorView */;
			targetProxy = 52AF60902195911C00232132 /* PBXContainerItemProxy */;
		};
		52AF609C2195911C00232132 /* PBXTargetDependency */ = {
			isa = PBXTargetDependency;
			target = 52AF60762195911A00232132 /* SPActivityIndicatorView */;
			targetProxy = 52AF609B2195911C00232132 /* PBXContainerItemProxy */;
		};
/* End PBXTargetDependency section */

/* Begin PBXVariantGroup section */
		52AF60802195911A00232132 /* Main.storyboard */ = {
			isa = PBXVariantGroup;
			children = (
				52AF60812195911A00232132 /* Base */,
			);
			name = Main.storyboard;
			sourceTree = "<group>";
		};
		52AF60852195911C00232132 /* LaunchScreen.storyboard */ = {
			isa = PBXVariantGroup;
			children = (
				52AF60862195911C00232132 /* Base */,
			);
			name = LaunchScreen.storyboard;
			sourceTree = "<group>";
		};
/* End PBXVariantGroup section */

/* Begin XCBuildConfiguration section */
		52AF60A12195911C00232132 /* Debug */ = {
			isa = XCBuildConfiguration;
			buildSettings = {
				ALWAYS_SEARCH_USER_PATHS = NO;
				CLANG_ANALYZER_NONNULL = YES;
				CLANG_ANALYZER_NUMBER_OBJECT_CONVERSION = YES_AGGRESSIVE;
				CLANG_CXX_LANGUAGE_STANDARD = "gnu++14";
				CLANG_CXX_LIBRARY = "libc++";
				CLANG_ENABLE_MODULES = YES;
				CLANG_ENABLE_OBJC_ARC = YES;
				CLANG_ENABLE_OBJC_WEAK = YES;
				CLANG_WARN_BLOCK_CAPTURE_AUTORELEASING = YES;
				CLANG_WARN_BOOL_CONVERSION = YES;
				CLANG_WARN_COMMA = YES;
				CLANG_WARN_CONSTANT_CONVERSION = YES;
				CLANG_WARN_DEPRECATED_OBJC_IMPLEMENTATIONS = YES;
				CLANG_WARN_DIRECT_OBJC_ISA_USAGE = YES_ERROR;
				CLANG_WARN_DOCUMENTATION_COMMENTS = YES;
				CLANG_WARN_EMPTY_BODY = YES;
				CLANG_WARN_ENUM_CONVERSION = YES;
				CLANG_WARN_INFINITE_RECURSION = YES;
				CLANG_WARN_INT_CONVERSION = YES;
				CLANG_WARN_NON_LITERAL_NULL_CONVERSION = YES;
				CLANG_WARN_OBJC_IMPLICIT_RETAIN_SELF = YES;
				CLANG_WARN_OBJC_LITERAL_CONVERSION = YES;
				CLANG_WARN_OBJC_ROOT_CLASS = YES_ERROR;
				CLANG_WARN_RANGE_LOOP_ANALYSIS = YES;
				CLANG_WARN_STRICT_PROTOTYPES = YES;
				CLANG_WARN_SUSPICIOUS_MOVE = YES;
				CLANG_WARN_UNGUARDED_AVAILABILITY = YES_AGGRESSIVE;
				CLANG_WARN_UNREACHABLE_CODE = YES;
				CLANG_WARN__DUPLICATE_METHOD_MATCH = YES;
				CODE_SIGN_IDENTITY = "iPhone Developer";
				COPY_PHASE_STRIP = NO;
				DEBUG_INFORMATION_FORMAT = dwarf;
				ENABLE_STRICT_OBJC_MSGSEND = YES;
				ENABLE_TESTABILITY = YES;
				GCC_C_LANGUAGE_STANDARD = gnu11;
				GCC_DYNAMIC_NO_PIC = NO;
				GCC_NO_COMMON_BLOCKS = YES;
				GCC_OPTIMIZATION_LEVEL = 0;
				GCC_PREPROCESSOR_DEFINITIONS = (
					"DEBUG=1",
					"$(inherited)",
				);
				GCC_WARN_64_TO_32_BIT_CONVERSION = YES;
				GCC_WARN_ABOUT_RETURN_TYPE = YES_ERROR;
				GCC_WARN_UNDECLARED_SELECTOR = YES;
				GCC_WARN_UNINITIALIZED_AUTOS = YES_AGGRESSIVE;
				GCC_WARN_UNUSED_FUNCTION = YES;
				GCC_WARN_UNUSED_VARIABLE = YES;
				IPHONEOS_DEPLOYMENT_TARGET = 12.0;
				MTL_ENABLE_DEBUG_INFO = INCLUDE_SOURCE;
				MTL_FAST_MATH = YES;
				ONLY_ACTIVE_ARCH = YES;
				SDKROOT = iphoneos;
			};
			name = Debug;
		};
		52AF60A22195911C00232132 /* Release */ = {
			isa = XCBuildConfiguration;
			buildSettings = {
				ALWAYS_SEARCH_USER_PATHS = NO;
				CLANG_ANALYZER_NONNULL = YES;
				CLANG_ANALYZER_NUMBER_OBJECT_CONVERSION = YES_AGGRESSIVE;
				CLANG_CXX_LANGUAGE_STANDARD = "gnu++14";
				CLANG_CXX_LIBRARY = "libc++";
				CLANG_ENABLE_MODULES = YES;
				CLANG_ENABLE_OBJC_ARC = YES;
				CLANG_ENABLE_OBJC_WEAK = YES;
				CLANG_WARN_BLOCK_CAPTURE_AUTORELEASING = YES;
				CLANG_WARN_BOOL_CONVERSION = YES;
				CLANG_WARN_COMMA = YES;
				CLANG_WARN_CONSTANT_CONVERSION = YES;
				CLANG_WARN_DEPRECATED_OBJC_IMPLEMENTATIONS = YES;
				CLANG_WARN_DIRECT_OBJC_ISA_USAGE = YES_ERROR;
				CLANG_WARN_DOCUMENTATION_COMMENTS = YES;
				CLANG_WARN_EMPTY_BODY = YES;
				CLANG_WARN_ENUM_CONVERSION = YES;
				CLANG_WARN_INFINITE_RECURSION = YES;
				CLANG_WARN_INT_CONVERSION = YES;
				CLANG_WARN_NON_LITERAL_NULL_CONVERSION = YES;
				CLANG_WARN_OBJC_IMPLICIT_RETAIN_SELF = YES;
				CLANG_WARN_OBJC_LITERAL_CONVERSION = YES;
				CLANG_WARN_OBJC_ROOT_CLASS = YES_ERROR;
				CLANG_WARN_RANGE_LOOP_ANALYSIS = YES;
				CLANG_WARN_STRICT_PROTOTYPES = YES;
				CLANG_WARN_SUSPICIOUS_MOVE = YES;
				CLANG_WARN_UNGUARDED_AVAILABILITY = YES_AGGRESSIVE;
				CLANG_WARN_UNREACHABLE_CODE = YES;
				CLANG_WARN__DUPLICATE_METHOD_MATCH = YES;
				CODE_SIGN_IDENTITY = "iPhone Developer";
				COPY_PHASE_STRIP = NO;
				DEBUG_INFORMATION_FORMAT = "dwarf-with-dsym";
				ENABLE_NS_ASSERTIONS = NO;
				ENABLE_STRICT_OBJC_MSGSEND = YES;
				GCC_C_LANGUAGE_STANDARD = gnu11;
				GCC_NO_COMMON_BLOCKS = YES;
				GCC_WARN_64_TO_32_BIT_CONVERSION = YES;
				GCC_WARN_ABOUT_RETURN_TYPE = YES_ERROR;
				GCC_WARN_UNDECLARED_SELECTOR = YES;
				GCC_WARN_UNINITIALIZED_AUTOS = YES_AGGRESSIVE;
				GCC_WARN_UNUSED_FUNCTION = YES;
				GCC_WARN_UNUSED_VARIABLE = YES;
				IPHONEOS_DEPLOYMENT_TARGET = 12.0;
				MTL_ENABLE_DEBUG_INFO = NO;
				MTL_FAST_MATH = YES;
				SDKROOT = iphoneos;
				VALIDATE_PRODUCT = YES;
			};
			name = Release;
		};
		52AF60A42195911C00232132 /* Debug */ = {
			isa = XCBuildConfiguration;
			buildSettings = {
				ASSETCATALOG_COMPILER_APPICON_NAME = AppIcon;
				CODE_SIGN_STYLE = Automatic;
				INFOPLIST_FILE = SPActivityIndicatorView/Info.plist;
				LD_RUNPATH_SEARCH_PATHS = (
					"$(inherited)",
					"@executable_path/Frameworks",
				);
				PRODUCT_BUNDLE_IDENTIFIER = com.idress.SPActivityIndicatorView;
				PRODUCT_NAME = "$(TARGET_NAME)";
				TARGETED_DEVICE_FAMILY = "1,2";
			};
			name = Debug;
		};
		52AF60A52195911C00232132 /* Release */ = {
			isa = XCBuildConfiguration;
			buildSettings = {
				ASSETCATALOG_COMPILER_APPICON_NAME = AppIcon;
				CODE_SIGN_STYLE = Automatic;
				INFOPLIST_FILE = SPActivityIndicatorView/Info.plist;
				LD_RUNPATH_SEARCH_PATHS = (
					"$(inherited)",
					"@executable_path/Frameworks",
				);
				PRODUCT_BUNDLE_IDENTIFIER = com.idress.SPActivityIndicatorView;
				PRODUCT_NAME = "$(TARGET_NAME)";
				TARGETED_DEVICE_FAMILY = "1,2";
			};
			name = Release;
		};
		52AF60A72195911C00232132 /* Debug */ = {
			isa = XCBuildConfiguration;
			buildSettings = {
				BUNDLE_LOADER = "$(TEST_HOST)";
				CODE_SIGN_STYLE = Automatic;
				INFOPLIST_FILE = SPActivityIndicatorViewTests/Info.plist;
				LD_RUNPATH_SEARCH_PATHS = (
					"$(inherited)",
					"@executable_path/Frameworks",
					"@loader_path/Frameworks",
				);
				PRODUCT_BUNDLE_IDENTIFIER = com.idress.SPActivityIndicatorViewTests;
				PRODUCT_NAME = "$(TARGET_NAME)";
				TARGETED_DEVICE_FAMILY = "1,2";
				TEST_HOST = "$(BUILT_PRODUCTS_DIR)/SPActivityIndicatorView.app/SPActivityIndicatorView";
			};
			name = Debug;
		};
		52AF60A82195911C00232132 /* Release */ = {
			isa = XCBuildConfiguration;
			buildSettings = {
				BUNDLE_LOADER = "$(TEST_HOST)";
				CODE_SIGN_STYLE = Automatic;
				INFOPLIST_FILE = SPActivityIndicatorViewTests/Info.plist;
				LD_RUNPATH_SEARCH_PATHS = (
					"$(inherited)",
					"@executable_path/Frameworks",
					"@loader_path/Frameworks",
				);
				PRODUCT_BUNDLE_IDENTIFIER = com.idress.SPActivityIndicatorViewTests;
				PRODUCT_NAME = "$(TARGET_NAME)";
				TARGETED_DEVICE_FAMILY = "1,2";
				TEST_HOST = "$(BUILT_PRODUCTS_DIR)/SPActivityIndicatorView.app/SPActivityIndicatorView";
			};
			name = Release;
		};
		52AF60AA2195911C00232132 /* Debug */ = {
			isa = XCBuildConfiguration;
			buildSettings = {
				CODE_SIGN_STYLE = Automatic;
				INFOPLIST_FILE = SPActivityIndicatorViewUITests/Info.plist;
				LD_RUNPATH_SEARCH_PATHS = (
					"$(inherited)",
					"@executable_path/Frameworks",
					"@loader_path/Frameworks",
				);
				PRODUCT_BUNDLE_IDENTIFIER = com.idress.SPActivityIndicatorViewUITests;
				PRODUCT_NAME = "$(TARGET_NAME)";
				TARGETED_DEVICE_FAMILY = "1,2";
				TEST_TARGET_NAME = SPActivityIndicatorView;
			};
			name = Debug;
		};
		52AF60AB2195911C00232132 /* Release */ = {
			isa = XCBuildConfiguration;
			buildSettings = {
				CODE_SIGN_STYLE = Automatic;
				INFOPLIST_FILE = SPActivityIndicatorViewUITests/Info.plist;
				LD_RUNPATH_SEARCH_PATHS = (
					"$(inherited)",
					"@executable_path/Frameworks",
					"@loader_path/Frameworks",
				);
				PRODUCT_BUNDLE_IDENTIFIER = com.idress.SPActivityIndicatorViewUITests;
				PRODUCT_NAME = "$(TARGET_NAME)";
				TARGETED_DEVICE_FAMILY = "1,2";
				TEST_TARGET_NAME = SPActivityIndicatorView;
			};
			name = Release;
		};
/* End XCBuildConfiguration section */

/* Begin XCConfigurationList section */
		52AF60722195911A00232132 /* Build configuration list for PBXProject "SPActivityIndicatorView" */ = {
			isa = XCConfigurationList;
			buildConfigurations = (
				52AF60A12195911C00232132 /* Debug */,
				52AF60A22195911C00232132 /* Release */,
			);
			defaultConfigurationIsVisible = 0;
			defaultConfigurationName = Release;
		};
		52AF60A32195911C00232132 /* Build configuration list for PBXNativeTarget "SPActivityIndicatorView" */ = {
			isa = XCConfigurationList;
			buildConfigurations = (
				52AF60A42195911C00232132 /* Debug */,
				52AF60A52195911C00232132 /* Release */,
			);
			defaultConfigurationIsVisible = 0;
			defaultConfigurationName = Release;
		};
		52AF60A62195911C00232132 /* Build configuration list for PBXNativeTarget "SPActivityIndicatorViewTests" */ = {
			isa = XCConfigurationList;
			buildConfigurations = (
				52AF60A72195911C00232132 /* Debug */,
				52AF60A82195911C00232132 /* Release */,
			);
			defaultConfigurationIsVisible = 0;
			defaultConfigurationName = Release;
		};
		52AF60A92195911C00232132 /* Build configuration list for PBXNativeTarget "SPActivityIndicatorViewUITests" */ = {
			isa = XCConfigurationList;
			buildConfigurations = (
				52AF60AA2195911C00232132 /* Debug */,
				52AF60AB2195911C00232132 /* Release */,
			);
			defaultConfigurationIsVisible = 0;
			defaultConfigurationName = Release;
		};
/* End XCConfigurationList section */
	};
	rootObject = 52AF606F2195911A00232132 /* Project object */;
}
